schema: '2.0'
stages:
  data_ingestion:
    cmd: python src/CNN_Classifier/pipeline/stage_01_data_ingestion.py
    deps:
    - path: config/config.yaml
      hash: md5
      md5: 4e1dea39931a8a33a3e0d3ae65ec799f
      size: 790
    - path: src/CNN_Classifier/pipeline/stage_01_data_ingestion.py
      hash: md5
      md5: 7a2c9f98965d23eb7ddc2487cf77540a
      size: 879
    outs:
    - path: artifacts/data_ingestion/Chicken-fecal-images
      hash: md5
      md5: 9e1f8dd2eae3c29e9d635df89d438ae4.dir
      size: 12207807
      nfiles: 390
  prepare_base_model:
    cmd: python src/CNN_Classifier/pipeline/stage_02_prepare_base_model.py
    deps:
    - path: config/config.yaml
      hash: md5
      md5: 4e1dea39931a8a33a3e0d3ae65ec799f
      size: 790
    - path: src/CNN_Classifier/pipeline/stage_02_prepare_base_model.py
      hash: md5
      md5: 1f4989e1c28b9fefa62a30bc51095fb5
      size: 967
    params:
      params.yaml:
        CLASSES: 2
        IMAGE_SIZE:
        - 224
        - 224
        - 3
        INCLUDE_TOP: false
        LEARNING_RATE: 0.01
        WEIGHTS: imagenet
    outs:
    - path: artifacts/prepare_base_model
      hash: md5
      md5: cdd2f92517ce3c2f8fb9f550c0fe6891.dir
      size: 118059248
      nfiles: 2
  training:
    cmd: python src/CNN_Classifier/pipeline/stage_03_training.py
    deps:
    - path: artifacts/data_ingestion/Chicken-fecal-images
      hash: md5
      md5: 9e1f8dd2eae3c29e9d635df89d438ae4.dir
      size: 12207807
      nfiles: 390
    - path: artifacts/prepare_base_model
      hash: md5
      md5: cdd2f92517ce3c2f8fb9f550c0fe6891.dir
      size: 118059248
      nfiles: 2
    - path: config/config.yaml
      hash: md5
      md5: 4e1dea39931a8a33a3e0d3ae65ec799f
      size: 790
    - path: src/CNN_Classifier/components/prepare_callbacks.py
      hash: md5
      md5: 22c06de9fdc0fdce8245130a40c90ee7
      size: 958
    - path: src/CNN_Classifier/pipeline/stage_03_training.py
      hash: md5
      md5: 6aa4137bd637825c90eb0568b68e50f4
      size: 1194
    params:
      params.yaml:
        AUGMENTATION: true
        BATCH_SIZE: 16
        EPOCHS: 1
        IMAGE_SIZE:
        - 224
        - 224
        - 3
    outs:
    - path: artifacts/training/model.h5
      hash: md5
      md5: b353ffe63d1615ef721ce5a5cc68299d
      size: 59340720
  evaluation:
    cmd: python src/CNN_Classifier/pipeline/stage_04_model_evaluation.py
    deps:
    - path: artifacts/data_ingestion/Chicken-fecal-images
      hash: md5
      md5: 9e1f8dd2eae3c29e9d635df89d438ae4.dir
      size: 12207807
      nfiles: 390
    - path: artifacts/training/model.h5
      hash: md5
      md5: b353ffe63d1615ef721ce5a5cc68299d
      size: 59340720
    - path: config/config.yaml
      hash: md5
      md5: 4e1dea39931a8a33a3e0d3ae65ec799f
      size: 790
    - path: src/CNN_Classifier/pipeline/stage_04_model_evaluation.py
      hash: md5
      md5: 39505967d856f31f97d6058fa9906ae7
      size: 844
    params:
      params.yaml:
        BATCH_SIZE: 16
        IMAGE_SIZE:
        - 224
        - 224
        - 3
    outs:
    - path: scores.json
      hash: md5
      md5: 0b7cbfd2227adbc1918f80324c7d6059
      size: 58
